// !$*UTF8*$!
{
	archiveVersion = 1;
	classes = {
	};
	objectVersion = 56;
	objects = {

/* Begin PBXBuildFile section */
		69E2A71F2B34794200F143E1 /* APICaller.swift in Sources */ = {isa = PBXBuildFile; fileRef = 69E2A71E2B34794200F143E1 /* APICaller.swift */; };
		69E2A7222B34AE9E00F143E1 /* UIScrollView_InfiniteScroll in Frameworks */ = {isa = PBXBuildFile; productRef = 69E2A7212B34AE9E00F143E1 /* UIScrollView_InfiniteScroll */; };
		69F1C7382B337E5A005BD3F2 /* AppDelegate.swift in Sources */ = {isa = PBXBuildFile; fileRef = 69F1C7372B337E5A005BD3F2 /* AppDelegate.swift */; };
		69F1C73A2B337E5A005BD3F2 /* SceneDelegate.swift in Sources */ = {isa = PBXBuildFile; fileRef = 69F1C7392B337E5A005BD3F2 /* SceneDelegate.swift */; };
		69F1C73C2B337E5A005BD3F2 /* ViewController.swift in Sources */ = {isa = PBXBuildFile; fileRef = 69F1C73B2B337E5A005BD3F2 /* ViewController.swift */; };
		69F1C73F2B337E5A005BD3F2 /* Main.storyboard in Resources */ = {isa = PBXBuildFile; fileRef = 69F1C73D2B337E5A005BD3F2 /* Main.storyboard */; };
		69F1C7412B337E5D005BD3F2 /* Assets.xcassets in Resources */ = {isa = PBXBuildFile; fileRef = 69F1C7402B337E5D005BD3F2 /* Assets.xcassets */; };
		69F1C7442B337E5D005BD3F2 /* LaunchScreen.storyboard in Resources */ = {isa = PBXBuildFile; fileRef = 69F1C7422B337E5D005BD3F2 /* LaunchScreen.storyboard */; };
		69F1C74F2B337E5D005BD3F2 /* Infinite_ScrollTests.swift in Sources */ = {isa = PBXBuildFile; fileRef = 69F1C74E2B337E5D005BD3F2 /* Infinite_ScrollTests.swift */; };
		69F1C7592B337E5D005BD3F2 /* Infinite_ScrollUITests.swift in Sources */ = {isa = PBXBuildFile; fileRef = 69F1C7582B337E5D005BD3F2 /* Infinite_ScrollUITests.swift */; };
		69F1C75B2B337E5D005BD3F2 /* Infinite_ScrollUITestsLaunchTests.swift in Sources */ = {isa = PBXBuildFile; fileRef = 69F1C75A2B337E5D005BD3F2 /* Infinite_ScrollUITestsLaunchTests.swift */; };
/* End PBXBuildFile section */

/* Begin PBXContainerItemProxy section */
		69F1C74B2B337E5D005BD3F2 /* PBXContainerItemProxy */ = {
			isa = PBXContainerItemProxy;
			containerPortal = 69F1C72C2B337E5A005BD3F2 /* Project object */;
			proxyType = 1;
			remoteGlobalIDString = 69F1C7332B337E5A005BD3F2;
			remoteInfo = "Infinite Scroll";
		};
		69F1C7552B337E5D005BD3F2 /* PBXContainerItemProxy */ = {
			isa = PBXContainerItemProxy;
			containerPortal = 69F1C72C2B337E5A005BD3F2 /* Project object */;
			proxyType = 1;
			remoteGlobalIDString = 69F1C7332B337E5A005BD3F2;
			remoteInfo = "Infinite Scroll";
		};
/* End PBXContainerItemProxy section */

/* Begin PBXFileReference section */
		69E2A71E2B34794200F143E1 /* APICaller.swift */ = {isa = PBXFileReference; lastKnownFileType = sourcecode.swift; path = APICaller.swift; sourceTree = "<group>"; };
		69F1C7342B337E5A005BD3F2 /* Infinite Scroll.app */ = {isa = PBXFileReference; explicitFileType = wrapper.application; includeInIndex = 0; path = "Infinite Scroll.app"; sourceTree = BUILT_PRODUCTS_DIR; };
		69F1C7372B337E5A005BD3F2 /* AppDelegate.swift */ = {isa = PBXFileReference; lastKnownFileType = sourcecode.swift; path = AppDelegate.swift; sourceTree = "<group>"; };
		69F1C7392B337E5A005BD3F2 /* SceneDelegate.swift */ = {isa = PBXFileReference; lastKnownFileType = sourcecode.swift; path = SceneDelegate.swift; sourceTree = "<group>"; };
		69F1C73B2B337E5A005BD3F2 /* ViewController.swift */ = {isa = PBXFileReference; lastKnownFileType = sourcecode.swift; path = ViewController.swift; sourceTree = "<group>"; };
		69F1C73E2B337E5A005BD3F2 /* Base */ = {isa = PBXFileReference; lastKnownFileType = file.storyboard; name = Base; path = Base.lproj/Main.storyboard; sourceTree = "<group>"; };
		69F1C7402B337E5D005BD3F2 /* Assets.xcassets */ = {isa = PBXFileReference; lastKnownFileType = folder.assetcatalog; path = Assets.xcassets; sourceTree = "<group>"; };
		69F1C7432B337E5D005BD3F2 /* Base */ = {isa = PBXFileReference; lastKnownFileType = file.storyboard; name = Base; path = Base.lproj/LaunchScreen.storyboard; sourceTree = "<group>"; };
		69F1C7452B337E5D005BD3F2 /* Info.plist */ = {isa = PBXFileReference; lastKnownFileType = text.plist.xml; path = Info.plist; sourceTree = "<group>"; };
		69F1C74A2B337E5D005BD3F2 /* Infinite ScrollTests.xctest */ = {isa = PBXFileReference; explicitFileType = wrapper.cfbundle; includeInIndex = 0; path = "Infinite ScrollTests.xctest"; sourceTree = BUILT_PRODUCTS_DIR; };
		69F1C74E2B337E5D005BD3F2 /* Infinite_ScrollTests.swift */ = {isa = PBXFileReference; lastKnownFileType = sourcecode.swift; path = Infinite_ScrollTests.swift; sourceTree = "<group>"; };
		69F1C7542B337E5D005BD3F2 /* Infinite ScrollUITests.xctest */ = {isa = PBXFileReference; explicitFileType = wrapper.cfbundle; includeInIndex = 0; path = "Infinite ScrollUITests.xctest"; sourceTree = BUILT_PRODUCTS_DIR; };
		69F1C7582B337E5D005BD3F2 /* Infinite_ScrollUITests.swift */ = {isa = PBXFileReference; lastKnownFileType = sourcecode.swift; path = Infinite_ScrollUITests.swift; sourceTree = "<group>"; };
		69F1C75A2B337E5D005BD3F2 /* Infinite_ScrollUITestsLaunchTests.swift */ = {isa = PBXFileReference; lastKnownFileType = sourcecode.swift; path = Infinite_ScrollUITestsLaunchTests.swift; sourceTree = "<group>"; };
/* End PBXFileReference section */

/* Begin PBXFrameworksBuildPhase section */
		69F1C7312B337E5A005BD3F2 /* Frameworks */ = {
			isa = PBXFrameworksBuildPhase;
			buildActionMask = 2147483647;
			files = (
				69E2A7222B34AE9E00F143E1 /* UIScrollView_InfiniteScroll in Frameworks */,
			);
			runOnlyForDeploymentPostprocessing = 0;
		};
		69F1C7472B337E5D005BD3F2 /* Frameworks */ = {
			isa = PBXFrameworksBuildPhase;
			buildActionMask = 2147483647;
			files = (
			);
			runOnlyForDeploymentPostprocessing = 0;
		};
		69F1C7512B337E5D005BD3F2 /* Frameworks */ = {
			isa = PBXFrameworksBuildPhase;
			buildActionMask = 2147483647;
			files = (
			);
			runOnlyForDeploymentPostprocessing = 0;
		};
/* End PBXFrameworksBuildPhase section */

/* Begin PBXGroup section */
		69F1C72B2B337E5A005BD3F2 = {
			isa = PBXGroup;
			children = (
				69F1C7362B337E5A005BD3F2 /* Infinite Scroll */,
				69F1C74D2B337E5D005BD3F2 /* Infinite ScrollTests */,
				69F1C7572B337E5D005BD3F2 /* Infinite ScrollUITests */,
				69F1C7352B337E5A005BD3F2 /* Products */,
			);
			sourceTree = "<group>";
		};
		69F1C7352B337E5A005BD3F2 /* Products */ = {
			isa = PBXGroup;
			children = (
				69F1C7342B337E5A005BD3F2 /* Infinite Scroll.app */,
				69F1C74A2B337E5D005BD3F2 /* Infinite ScrollTests.xctest */,
				69F1C7542B337E5D005BD3F2 /* Infinite ScrollUITests.xctest */,
			);
			name = Products;
			sourceTree = "<group>";
		};
		69F1C7362B337E5A005BD3F2 /* Infinite Scroll */ = {
			isa = PBXGroup;
			children = (
				69F1C7372B337E5A005BD3F2 /* AppDelegate.swift */,
				69F1C7392B337E5A005BD3F2 /* SceneDelegate.swift */,
				69F1C73B2B337E5A005BD3F2 /* ViewController.swift */,
				69F1C73D2B337E5A005BD3F2 /* Main.storyboard */,
				69F1C7402B337E5D005BD3F2 /* Assets.xcassets */,
				69F1C7422B337E5D005BD3F2 /* LaunchScreen.storyboard */,
				69F1C7452B337E5D005BD3F2 /* Info.plist */,
				69E2A71E2B34794200F143E1 /* APICaller.swift */,
			);
			path = "Infinite Scroll";
			sourceTree = "<group>";
		};
		69F1C74D2B337E5D005BD3F2 /* Infinite ScrollTests */ = {
			isa = PBXGroup;
			children = (
				69F1C74E2B337E5D005BD3F2 /* Infinite_ScrollTests.swift */,
			);
			path = "Infinite ScrollTests";
			sourceTree = "<group>";
		};
		69F1C7572B337E5D005BD3F2 /* Infinite ScrollUITests */ = {
			isa = PBXGroup;
			children = (
				69F1C7582B337E5D005BD3F2 /* Infinite_ScrollUITests.swift */,
				69F1C75A2B337E5D005BD3F2 /* Infinite_ScrollUITestsLaunchTests.swift */,
			);
			path = "Infinite ScrollUITests";
			sourceTree = "<group>";
		};
/* End PBXGroup section */

/* Begin PBXNativeTarget section */
		69F1C7332B337E5A005BD3F2 /* Infinite Scroll */ = {
			isa = PBXNativeTarget;
			buildConfigurationList = 69F1C75E2B337E5D005BD3F2 /* Build configuration list for PBXNativeTarget "Infinite Scroll" */;
			buildPhases = (
				69F1C7302B337E5A005BD3F2 /* Sources */,
				69F1C7312B337E5A005BD3F2 /* Frameworks */,
				69F1C7322B337E5A005BD3F2 /* Resources */,
			);
			buildRules = (
			);
			dependencies = (
			);
			name = "Infinite Scroll";
			packageProductDependencies = (
				69E2A7212B34AE9E00F143E1 /* UIScrollView_InfiniteScroll */,
			);
			productName = "Infinite Scroll";
			productReference = 69F1C7342B337E5A005BD3F2 /* Infinite Scroll.app */;
			productType = "com.apple.product-type.application";
		};
		69F1C7492B337E5D005BD3F2 /* Infinite ScrollTests */ = {
			isa = PBXNativeTarget;
			buildConfigurationList = 69F1C7612B337E5D005BD3F2 /* Build configuration list for PBXNativeTarget "Infinite ScrollTests" */;
			buildPhases = (
				69F1C7462B337E5D005BD3F2 /* Sources */,
				69F1C7472B337E5D005BD3F2 /* Frameworks */,
				69F1C7482B337E5D005BD3F2 /* Resources */,
			);
			buildRules = (
			);
			dependencies = (
				69F1C74C2B337E5D005BD3F2 /* PBXTargetDependency */,
			);
			name = "Infinite ScrollTests";
			productName = "Infinite ScrollTests";
			productReference = 69F1C74A2B337E5D005BD3F2 /* Infinite ScrollTests.xctest */;
			productType = "com.apple.product-type.bundle.unit-test";
		};
		69F1C7532B337E5D005BD3F2 /* Infinite ScrollUITests */ = {
			isa = PBXNativeTarget;
			buildConfigurationList = 69F1C7642B337E5D005BD3F2 /* Build configuration list for PBXNativeTarget "Infinite ScrollUITests" */;
			buildPhases = (
				69F1C7502B337E5D005BD3F2 /* Sources */,
				69F1C7512B337E5D005BD3F2 /* Frameworks */,
				69F1C7522B337E5D005BD3F2 /* Resources */,
			);
			buildRules = (
			);
			dependencies = (
				69F1C7562B337E5D005BD3F2 /* PBXTargetDependency */,
			);
			name = "Infinite ScrollUITests";
			productName = "Infinite ScrollUITests";
			productReference = 69F1C7542B337E5D005BD3F2 /* Infinite ScrollUITests.xctest */;
			productType = "com.apple.product-type.bundle.ui-testing";
		};
/* End PBXNativeTarget section */

/* Begin PBXProject section */
		69F1C72C2B337E5A005BD3F2 /* Project object */ = {
			isa = PBXProject;
			attributes = {
				BuildIndependentTargetsInParallel = 1;
				LastSwiftUpdateCheck = 1510;
				LastUpgradeCheck = 1510;
				TargetAttributes = {
					69F1C7332B337E5A005BD3F2 = {
						CreatedOnToolsVersion = 15.1;
					};
					69F1C7492B337E5D005BD3F2 = {
						CreatedOnToolsVersion = 15.1;
						TestTargetID = 69F1C7332B337E5A005BD3F2;
					};
					69F1C7532B337E5D005BD3F2 = {
						CreatedOnToolsVersion = 15.1;
						TestTargetID = 69F1C7332B337E5A005BD3F2;
					};
				};
			};
			buildConfigurationList = 69F1C72F2B337E5A005BD3F2 /* Build configuration list for PBXProject "Infinite Scroll" */;
			compatibilityVersion = "Xcode 14.0";
			developmentRegion = en;
			hasScannedForEncodings = 0;
			knownRegions = (
				en,
				Base,
			);
			mainGroup = 69F1C72B2B337E5A005BD3F2;
			packageReferences = (
				69E2A7202B34AE9E00F143E1 /* XCRemoteSwiftPackageReference "UIScrollView-InfiniteScroll" */,
			);
			productRefGroup = 69F1C7352B337E5A005BD3F2 /* Products */;
			projectDirPath = "";
			projectRoot = "";
			targets = (
				69F1C7332B337E5A005BD3F2 /* Infinite Scroll */,
				69F1C7492B337E5D005BD3F2 /* Infinite ScrollTests */,
				69F1C7532B337E5D005BD3F2 /* Infinite ScrollUITests */,
			);
		};
/* End PBXProject section */

/* Begin PBXResourcesBuildPhase section */
		69F1C7322B337E5A005BD3F2 /* Resources */ = {
			isa = PBXResourcesBuildPhase;
			buildActionMask = 2147483647;
			files = (
				69F1C7442B337E5D005BD3F2 /* LaunchScreen.storyboard in Resources */,
				69F1C7412B337E5D005BD3F2 /* Assets.xcassets in Resources */,
				69F1C73F2B337E5A005BD3F2 /* Main.storyboard in Resources */,
			);
			runOnlyForDeploymentPostprocessing = 0;
		};
		69F1C7482B337E5D005BD3F2 /* Resources */ = {
			isa = PBXResourcesBuildPhase;
			buildActionMask = 2147483647;
			files = (
			);
			runOnlyForDeploymentPostprocessing = 0;
		};
		69F1C7522B337E5D005BD3F2 /* Resources */ = {
			isa = PBXResourcesBuildPhase;
			buildActionMask = 2147483647;
			files = (
			);
			runOnlyForDeploymentPostprocessing = 0;
		};
/* End PBXResourcesBuildPhase section */

/* Begin PBXSourcesBuildPhase section */
		69F1C7302B337E5A005BD3F2 /* Sources */ = {
			isa = PBXSourcesBuildPhase;
			buildActionMask = 2147483647;
			files = (
				69F1C73C2B337E5A005BD3F2 /* ViewController.swift in Sources */,
				69F1C7382B337E5A005BD3F2 /* AppDelegate.swift in Sources */,
				69F1C73A2B337E5A005BD3F2 /* SceneDelegate.swift in Sources */,
				69E2A71F2B34794200F143E1 /* APICaller.swift in Sources */,
			);
			runOnlyForDeploymentPostprocessing = 0;
		};
		69F1C7462B337E5D005BD3F2 /* Sources */ = {
			isa = PBXSourcesBuildPhase;
			buildActionMask = 2147483647;
			files = (
				69F1C74F2B337E5D005BD3F2 /* Infinite_ScrollTests.swift in Sources */,
			);
			runOnlyForDeploymentPostprocessing = 0;
		};
		69F1C7502B337E5D005BD3F2 /* Sources */ = {
			isa = PBXSourcesBuildPhase;
			buildActionMask = 2147483647;
			files = (
				69F1C7592B337E5D005BD3F2 /* Infinite_ScrollUITests.swift in Sources */,
				69F1C75B2B337E5D005BD3F2 /* Infinite_ScrollUITestsLaunchTests.swift in Sources */,
			);
			runOnlyForDeploymentPostprocessing = 0;
		};
/* End PBXSourcesBuildPhase section */

/* Begin PBXTargetDependency section */
		69F1C74C2B337E5D005BD3F2 /* PBXTargetDependency */ = {
			isa = PBXTargetDependency;
			target = 69F1C7332B337E5A005BD3F2 /* Infinite Scroll */;
			targetProxy = 69F1C74B2B337E5D005BD3F2 /* PBXContainerItemProxy */;
		};
		69F1C7562B337E5D005BD3F2 /* PBXTargetDependency */ = {
			isa = PBXTargetDependency;
			target = 69F1C7332B337E5A005BD3F2 /* Infinite Scroll */;
			targetProxy = 69F1C7552B337E5D005BD3F2 /* PBXContainerItemProxy */;
		};
/* End PBXTargetDependency section */

/* Begin PBXVariantGroup section */
		69F1C73D2B337E5A005BD3F2 /* Main.storyboard */ = {
			isa = PBXVariantGroup;
			children = (
				69F1C73E2B337E5A005BD3F2 /* Base */,
			);
			name = Main.storyboard;
			sourceTree = "<group>";
		};
		69F1C7422B337E5D005BD3F2 /* LaunchScreen.storyboard */ = {
			isa = PBXVariantGroup;
			children = (
				69F1C7432B337E5D005BD3F2 /* Base */,
			);
			name = LaunchScreen.storyboard;
			sourceTree = "<group>";
		};
/* End PBXVariantGroup section */

/* Begin XCBuildConfiguration section */
		69F1C75C2B337E5D005BD3F2 /* Debug */ = {
			isa = XCBuildConfiguration;
			buildSettings = {
				ALWAYS_SEARCH_USER_PATHS = NO;
				ASSETCATALOG_COMPILER_GENERATE_SWIFT_ASSET_SYMBOL_EXTENSIONS = YES;
				CLANG_ANALYZER_NONNULL = YES;
				CLANG_ANALYZER_NUMBER_OBJECT_CONVERSION = YES_AGGRESSIVE;
				CLANG_CXX_LANGUAGE_STANDARD = "gnu++20";
				CLANG_ENABLE_MODULES = YES;
				CLANG_ENABLE_OBJC_ARC = YES;
				CLANG_ENABLE_OBJC_WEAK = YES;
				CLANG_WARN_BLOCK_CAPTURE_AUTORELEASING = YES;
				CLANG_WARN_BOOL_CONVERSION = YES;
				CLANG_WARN_COMMA = YES;
				CLANG_WARN_CONSTANT_CONVERSION = YES;
				CLANG_WARN_DEPRECATED_OBJC_IMPLEMENTATIONS = YES;
				CLANG_WARN_DIRECT_OBJC_ISA_USAGE = YES_ERROR;
				CLANG_WARN_DOCUMENTATION_COMMENTS = YES;
				CLANG_WARN_EMPTY_BODY = YES;
				CLANG_WARN_ENUM_CONVERSION = YES;
				CLANG_WARN_INFINITE_RECURSION = YES;
				CLANG_WARN_INT_CONVERSION = YES;
				CLANG_WARN_NON_LITERAL_NULL_CONVERSION = YES;
				CLANG_WARN_OBJC_IMPLICIT_RETAIN_SELF = YES;
				CLANG_WARN_OBJC_LITERAL_CONVERSION = YES;
				CLANG_WARN_OBJC_ROOT_CLASS = YES_ERROR;
				CLANG_WARN_QUOTED_INCLUDE_IN_FRAMEWORK_HEADER = YES;
				CLANG_WARN_RANGE_LOOP_ANALYSIS = YES;
				CLANG_WARN_STRICT_PROTOTYPES = YES;
				CLANG_WARN_SUSPICIOUS_MOVE = YES;
				CLANG_WARN_UNGUARDED_AVAILABILITY = YES_AGGRESSIVE;
				CLANG_WARN_UNREACHABLE_CODE = YES;
				CLANG_WARN__DUPLICATE_METHOD_MATCH = YES;
				COPY_PHASE_STRIP = NO;
				DEBUG_INFORMATION_FORMAT = dwarf;
				ENABLE_STRICT_OBJC_MSGSEND = YES;
				ENABLE_TESTABILITY = YES;
				ENABLE_USER_SCRIPT_SANDBOXING = YES;
				GCC_C_LANGUAGE_STANDARD = gnu17;
				GCC_DYNAMIC_NO_PIC = NO;
				GCC_NO_COMMON_BLOCKS = YES;
				GCC_OPTIMIZATION_LEVEL = 0;
				GCC_PREPROCESSOR_DEFINITIONS = (
					"DEBUG=1",
					"$(inherited)",
				);
				GCC_WARN_64_TO_32_BIT_CONVERSION = YES;
				GCC_WARN_ABOUT_RETURN_TYPE = YES_ERROR;
				GCC_WARN_UNDECLARED_SELECTOR = YES;
				GCC_WARN_UNINITIALIZED_AUTOS = YES_AGGRESSIVE;
				GCC_WARN_UNUSED_FUNCTION = YES;
				GCC_WARN_UNUSED_VARIABLE = YES;
				IPHONEOS_DEPLOYMENT_TARGET = 17.2;
				LOCALIZATION_PREFERS_STRING_CATALOGS = YES;
				MTL_ENABLE_DEBUG_INFO = INCLUDE_SOURCE;
				MTL_FAST_MATH = YES;
				ONLY_ACTIVE_ARCH = YES;
				SDKROOT = iphoneos;
				SWIFT_ACTIVE_COMPILATION_CONDITIONS = "DEBUG $(inherited)";
				SWIFT_OPTIMIZATION_LEVEL = "-Onone";
			};
			name = Debug;
		};
		69F1C75D2B337E5D005BD3F2 /* Release */ = {
			isa = XCBuildConfiguration;
			buildSettings = {
				ALWAYS_SEARCH_USER_PATHS = NO;
				ASSETCATALOG_COMPILER_GENERATE_SWIFT_ASSET_SYMBOL_EXTENSIONS = YES;
				CLANG_ANALYZER_NONNULL = YES;
				CLANG_ANALYZER_NUMBER_OBJECT_CONVERSION = YES_AGGRESSIVE;
				CLANG_CXX_LANGUAGE_STANDARD = "gnu++20";
				CLANG_ENABLE_MODULES = YES;
				CLANG_ENABLE_OBJC_ARC = YES;
				CLANG_ENABLE_OBJC_WEAK = YES;
				CLANG_WARN_BLOCK_CAPTURE_AUTORELEASING = YES;
				CLANG_WARN_BOOL_CONVERSION = YES;
				CLANG_WARN_COMMA = YES;
				CLANG_WARN_CONSTANT_CONVERSION = YES;
				CLANG_WARN_DEPRECATED_OBJC_IMPLEMENTATIONS = YES;
				CLANG_WARN_DIRECT_OBJC_ISA_USAGE = YES_ERROR;
				CLANG_WARN_DOCUMENTATION_COMMENTS = YES;
				CLANG_WARN_EMPTY_BODY = YES;
				CLANG_WARN_ENUM_CONVERSION = YES;
				CLANG_WARN_INFINITE_RECURSION = YES;
				CLANG_WARN_INT_CONVERSION = YES;
				CLANG_WARN_NON_LITERAL_NULL_CONVERSION = YES;
				CLANG_WARN_OBJC_IMPLICIT_RETAIN_SELF = YES;
				CLANG_WARN_OBJC_LITERAL_CONVERSION = YES;
				CLANG_WARN_OBJC_ROOT_CLASS = YES_ERROR;
				CLANG_WARN_QUOTED_INCLUDE_IN_FRAMEWORK_HEADER = YES;
				CLANG_WARN_RANGE_LOOP_ANALYSIS = YES;
				CLANG_WARN_STRICT_PROTOTYPES = YES;
				CLANG_WARN_SUSPICIOUS_MOVE = YES;
				CLANG_WARN_UNGUARDED_AVAILABILITY = YES_AGGRESSIVE;
				CLANG_WARN_UNREACHABLE_CODE = YES;
				CLANG_WARN__DUPLICATE_METHOD_MATCH = YES;
				COPY_PHASE_STRIP = NO;
				DEBUG_INFORMATION_FORMAT = "dwarf-with-dsym";
				ENABLE_NS_ASSERTIONS = NO;
				ENABLE_STRICT_OBJC_MSGSEND = YES;
				ENABLE_USER_SCRIPT_SANDBOXING = YES;
				GCC_C_LANGUAGE_STANDARD = gnu17;
				GCC_NO_COMMON_BLOCKS = YES;
				GCC_WARN_64_TO_32_BIT_CONVERSION = YES;
				GCC_WARN_ABOUT_RETURN_TYPE = YES_ERROR;
				GCC_WARN_UNDECLARED_SELECTOR = YES;
				GCC_WARN_UNINITIALIZED_AUTOS = YES_AGGRESSIVE;
				GCC_WARN_UNUSED_FUNCTION = YES;
				GCC_WARN_UNUSED_VARIABLE = YES;
				IPHONEOS_DEPLOYMENT_TARGET = 17.2;
				LOCALIZATION_PREFERS_STRING_CATALOGS = YES;
				MTL_ENABLE_DEBUG_INFO = NO;
				MTL_FAST_MATH = YES;
				SDKROOT = iphoneos;
				SWIFT_COMPILATION_MODE = wholemodule;
				VALIDATE_PRODUCT = YES;
			};
			name = Release;
		};
		69F1C75F2B337E5D005BD3F2 /* Debug */ = {
			isa = XCBuildConfiguration;
			buildSettings = {
				ASSETCATALOG_COMPILER_APPICON_NAME = AppIcon;
				ASSETCATALOG_COMPILER_GLOBAL_ACCENT_COLOR_NAME = AccentColor;
				CODE_SIGN_STYLE = Automatic;
				CURRENT_PROJECT_VERSION = 1;
				DEVELOPMENT_TEAM = F7WMR3QZR6;
				GENERATE_INFOPLIST_FILE = YES;
				INFOPLIST_FILE = "Infinite Scroll/Info.plist";
				INFOPLIST_KEY_UIApplicationSupportsIndirectInputEvents = YES;
				INFOPLIST_KEY_UILaunchStoryboardName = LaunchScreen;
				INFOPLIST_KEY_UIMainStoryboardFile = Main;
				INFOPLIST_KEY_UISupportedInterfaceOrientations_iPad = "UIInterfaceOrientationPortrait UIInterfaceOrientationPortraitUpsideDown UIInterfaceOrientationLandscapeLeft UIInterfaceOrientationLandscapeRight";
				INFOPLIST_KEY_UISupportedInterfaceOrientations_iPhone = "UIInterfaceOrientationPortrait UIInterfaceOrientationLandscapeLeft UIInterfaceOrientationLandscapeRight";
				LD_RUNPATH_SEARCH_PATHS = (
					"$(inherited)",
					"@executable_path/Frameworks",
				);
				MARKETING_VERSION = 1.0;
				PRODUCT_BUNDLE_IDENTIFIER = "Infinite-Scroll.gabrielsanzone.app.Infinite-Scroll";
				PRODUCT_NAME = "$(TARGET_NAME)";
				SWIFT_EMIT_LOC_STRINGS = YES;
				SWIFT_VERSION = 5.0;
				TARGETED_DEVICE_FAMILY = "1,2";
			};
			name = Debug;
		};
		69F1C7602B337E5D005BD3F2 /* Release */ = {
			isa = XCBuildConfiguration;
			buildSettings = {
				ASSETCATALOG_COMPILER_APPICON_NAME = AppIcon;
				ASSETCATALOG_COMPILER_GLOBAL_ACCENT_COLOR_NAME = AccentColor;
				CODE_SIGN_STYLE = Automatic;
				CURRENT_PROJECT_VERSION = 1;
				DEVELOPMENT_TEAM = F7WMR3QZR6;
				GENERATE_INFOPLIST_FILE = YES;
				INFOPLIST_FILE = "Infinite Scroll/Info.plist";
				INFOPLIST_KEY_UIApplicationSupportsIndirectInputEvents = YES;
				INFOPLIST_KEY_UILaunchStoryboardName = LaunchScreen;
				INFOPLIST_KEY_UIMainStoryboardFile = Main;
				INFOPLIST_KEY_UISupportedInterfaceOrientations_iPad = "UIInterfaceOrientationPortrait UIInterfaceOrientationPortraitUpsideDown UIInterfaceOrientationLandscapeLeft UIInterfaceOrientationLandscapeRight";
				INFOPLIST_KEY_UISupportedInterfaceOrientations_iPhone = "UIInterfaceOrientationPortrait UIInterfaceOrientationLandscapeLeft UIInterfaceOrientationLandscapeRight";
				LD_RUNPATH_SEARCH_PATHS = (
					"$(inherited)",
					"@executable_path/Frameworks",
				);
				MARKETING_VERSION = 1.0;
				PRODUCT_BUNDLE_IDENTIFIER = "Infinite-Scroll.gabrielsanzone.app.Infinite-Scroll";
				PRODUCT_NAME = "$(TARGET_NAME)";
				SWIFT_EMIT_LOC_STRINGS = YES;
				SWIFT_VERSION = 5.0;
				TARGETED_DEVICE_FAMILY = "1,2";
			};
			name = Release;
		};
		69F1C7622B337E5D005BD3F2 /* Debug */ = {
			isa = XCBuildConfiguration;
			buildSettings = {
				ALWAYS_EMBED_SWIFT_STANDARD_LIBRARIES = YES;
				BUNDLE_LOADER = "$(TEST_HOST)";
				CODE_SIGN_STYLE = Automatic;
				CURRENT_PROJECT_VERSION = 1;
				DEVELOPMENT_TEAM = F7WMR3QZR6;
				GENERATE_INFOPLIST_FILE = YES;
				IPHONEOS_DEPLOYMENT_TARGET = 17.2;
				MARKETING_VERSION = 1.0;
				PRODUCT_BUNDLE_IDENTIFIER = "Infinite-Scroll.gabrielsanzone.app.Infinite-ScrollTests";
				PRODUCT_NAME = "$(TARGET_NAME)";
				SWIFT_EMIT_LOC_STRINGS = NO;
				SWIFT_VERSION = 5.0;
				TARGETED_DEVICE_FAMILY = "1,2";
				TEST_HOST = "$(BUILT_PRODUCTS_DIR)/Infinite Scroll.app/$(BUNDLE_EXECUTABLE_FOLDER_PATH)/Infinite Scroll";
			};
			name = Debug;
		};
		69F1C7632B337E5D005BD3F2 /* Release */ = {
			isa = XCBuildConfiguration;
			buildSettings = {
				ALWAYS_EMBED_SWIFT_STANDARD_LIBRARIES = YES;
				BUNDLE_LOADER = "$(TEST_HOST)";
				CODE_SIGN_STYLE = Automatic;
				CURRENT_PROJECT_VERSION = 1;
				DEVELOPMENT_TEAM = F7WMR3QZR6;
				GENERATE_INFOPLIST_FILE = YES;
				IPHONEOS_DEPLOYMENT_TARGET = 17.2;
				MARKETING_VERSION = 1.0;
				PRODUCT_BUNDLE_IDENTIFIER = "Infinite-Scroll.gabrielsanzone.app.Infinite-ScrollTests";
				PRODUCT_NAME = "$(TARGET_NAME)";
				SWIFT_EMIT_LOC_STRINGS = NO;
				SWIFT_VERSION = 5.0;
				TARGETED_DEVICE_FAMILY = "1,2";
				TEST_HOST = "$(BUILT_PRODUCTS_DIR)/Infinite Scroll.app/$(BUNDLE_EXECUTABLE_FOLDER_PATH)/Infinite Scroll";
			};
			name = Release;
		};
		69F1C7652B337E5D005BD3F2 /* Debug */ = {
			isa = XCBuildConfiguration;
			buildSettings = {
				ALWAYS_EMBED_SWIFT_STANDARD_LIBRARIES = YES;
				CODE_SIGN_STYLE = Automatic;
				CURRENT_PROJECT_VERSION = 1;
				DEVELOPMENT_TEAM = F7WMR3QZR6;
				GENERATE_INFOPLIST_FILE = YES;
				MARKETING_VERSION = 1.0;
				PRODUCT_BUNDLE_IDENTIFIER = "Infinite-Scroll.gabrielsanzone.app.Infinite-ScrollUITests";
				PRODUCT_NAME = "$(TARGET_NAME)";
				SWIFT_EMIT_LOC_STRINGS = NO;
				SWIFT_VERSION = 5.0;
				TARGETED_DEVICE_FAMILY = "1,2";
				TEST_TARGET_NAME = "Infinite Scroll";
			};
			name = Debug;
		};
		69F1C7662B337E5D005BD3F2 /* Release */ = {
			isa = XCBuildConfiguration;
			buildSettings = {
				ALWAYS_EMBED_SWIFT_STANDARD_LIBRARIES = YES;
				CODE_SIGN_STYLE = Automatic;
				CURRENT_PROJECT_VERSION = 1;
				DEVELOPMENT_TEAM = F7WMR3QZR6;
				GENERATE_INFOPLIST_FILE = YES;
				MARKETING_VERSION = 1.0;
				PRODUCT_BUNDLE_IDENTIFIER = "Infinite-Scroll.gabrielsanzone.app.Infinite-ScrollUITests";
				PRODUCT_NAME = "$(TARGET_NAME)";
				SWIFT_EMIT_LOC_STRINGS = NO;
				SWIFT_VERSION = 5.0;
				TARGETED_DEVICE_FAMILY = "1,2";
				TEST_TARGET_NAME = "Infinite Scroll";
			};
			name = Release;
		};
/* End XCBuildConfiguration section */

/* Begin XCConfigurationList section */
		69F1C72F2B337E5A005BD3F2 /* Build configuration list for PBXProject "Infinite Scroll" */ = {
			isa = XCConfigurationList;
			buildConfigurations = (
				69F1C75C2B337E5D005BD3F2 /* Debug */,
				69F1C75D2B337E5D005BD3F2 /* Release */,
			);
			defaultConfigurationIsVisible = 0;
			defaultConfigurationName = Release;
		};
		69F1C75E2B337E5D005BD3F2 /* Build configuration list for PBXNativeTarget "Infinite Scroll" */ = {
			isa = XCConfigurationList;
			buildConfigurations = (
				69F1C75F2B337E5D005BD3F2 /* Debug */,
				69F1C7602B337E5D005BD3F2 /* Release */,
			);
			defaultConfigurationIsVisible = 0;
			defaultConfigurationName = Release;
		};
		69F1C7612B337E5D005BD3F2 /* Build configuration list for PBXNativeTarget "Infinite ScrollTests" */ = {
			isa = XCConfigurationList;
			buildConfigurations = (
				69F1C7622B337E5D005BD3F2 /* Debug */,
				69F1C7632B337E5D005BD3F2 /* Release */,
			);
			defaultConfigurationIsVisible = 0;
			defaultConfigurationName = Release;
		};
		69F1C7642B337E5D005BD3F2 /* Build configuration list for PBXNativeTarget "Infinite ScrollUITests" */ = {
			isa = XCConfigurationList;
			buildConfigurations = (
				69F1C7652B337E5D005BD3F2 /* Debug */,
				69F1C7662B337E5D005BD3F2 /* Release */,
			);
			defaultConfigurationIsVisible = 0;
			defaultConfigurationName = Release;
		};
/* End XCConfigurationList section */

/* Begin XCRemoteSwiftPackageReference section */
		69E2A7202B34AE9E00F143E1 /* XCRemoteSwiftPackageReference "UIScrollView-InfiniteScroll" */ = {
			isa = XCRemoteSwiftPackageReference;
			repositoryURL = "https://github.com/pronebird/UIScrollView-InfiniteScroll";
			requirement = {
				kind = upToNextMajorVersion;
				minimumVersion = 1.3.0;
			};
		};
/* End XCRemoteSwiftPackageReference section */

/* Begin XCSwiftPackageProductDependency section */
		69E2A7212B34AE9E00F143E1 /* UIScrollView_InfiniteScroll */ = {
			isa = XCSwiftPackageProductDependency;
			package = 69E2A7202B34AE9E00F143E1 /* XCRemoteSwiftPackageReference "UIScrollView-InfiniteScroll" */;
			productName = UIScrollView_InfiniteScroll;
		};
/* End XCSwiftPackageProductDependency section */
	};
	rootObject = 69F1C72C2B337E5A005BD3F2 /* Project object */;
}
